// !$*UTF8*$!
{
	archiveVersion = 1;
	classes = {
	};
	objectVersion = 46;
	objects = {

/* Begin PBXBuildFile section */
		784C40FB8DE13B19E4EFB936 /* libPods-baiSi.a in Frameworks */ = {isa = PBXBuildFile; fileRef = 5C6B3ABEDADE1604723BC70B /* libPods-baiSi.a */; };
		FE04AA2C1D156883009F6421 /* ZTFADViewController.m in Sources */ = {isa = PBXBuildFile; fileRef = FE04AA2A1D156883009F6421 /* ZTFADViewController.m */; };
		FE04AA2D1D156883009F6421 /* ZTFADViewController.xib in Resources */ = {isa = PBXBuildFile; fileRef = FE04AA2B1D156883009F6421 /* ZTFADViewController.xib */; };
		FE04AA2F1D157CD7009F6421 /* ad.plist in Resources */ = {isa = PBXBuildFile; fileRef = FE04AA2E1D157CD7009F6421 /* ad.plist */; };
		FE04AA321D157D6C009F6421 /* ZTFAD.m in Sources */ = {isa = PBXBuildFile; fileRef = FE04AA311D157D6C009F6421 /* ZTFAD.m */; };
		FE35C4C21D10DFE3008F83FD /* main.m in Sources */ = {isa = PBXBuildFile; fileRef = FE35C4C11D10DFE3008F83FD /* main.m */; };
		FE35C4C51D10DFE3008F83FD /* AppDelegate.m in Sources */ = {isa = PBXBuildFile; fileRef = FE35C4C41D10DFE3008F83FD /* AppDelegate.m */; };
		FE35C4CD1D10DFE3008F83FD /* Assets.xcassets in Resources */ = {isa = PBXBuildFile; fileRef = FE35C4CC1D10DFE3008F83FD /* Assets.xcassets */; };
		FE35C4D01D10DFE3008F83FD /* LaunchScreen.storyboard in Resources */ = {isa = PBXBuildFile; fileRef = FE35C4CE1D10DFE3008F83FD /* LaunchScreen.storyboard */; };
		FE35C4EF1D10EF6F008F83FD /* ZTFTabBarViewController.m in Sources */ = {isa = PBXBuildFile; fileRef = FE35C4EE1D10EF6F008F83FD /* ZTFTabBarViewController.m */; };
		FE35C4F51D110756008F83FD /* ZTFEssenceViewController.m in Sources */ = {isa = PBXBuildFile; fileRef = FE35C4F41D110756008F83FD /* ZTFEssenceViewController.m */; };
		FE35C4F81D1107D7008F83FD /* ZTFFriendTrendViewController.m in Sources */ = {isa = PBXBuildFile; fileRef = FE35C4F71D1107D7008F83FD /* ZTFFriendTrendViewController.m */; };
		FE35C4FB1D1107E6008F83FD /* ZTFMyViewController.m in Sources */ = {isa = PBXBuildFile; fileRef = FE35C4FA1D1107E6008F83FD /* ZTFMyViewController.m */; };
		FE35C4FE1D1107F0008F83FD /* ZTFNewViewController.m in Sources */ = {isa = PBXBuildFile; fileRef = FE35C4FD1D1107F0008F83FD /* ZTFNewViewController.m */; };
		FE35C5011D110803008F83FD /* ZTFPublicViewController.m in Sources */ = {isa = PBXBuildFile; fileRef = FE35C5001D110803008F83FD /* ZTFPublicViewController.m */; };
		FE35C5041D112AA2008F83FD /* ZTFNaviViewController.m in Sources */ = {isa = PBXBuildFile; fileRef = FE35C5031D112AA2008F83FD /* ZTFNaviViewController.m */; };
		FE65BA191D17822000701DE2 /* ZTFFriendTrendViewController.xib in Resources */ = {isa = PBXBuildFile; fileRef = FE65BA181D17822000701DE2 /* ZTFFriendTrendViewController.xib */; };
		FE65BA1D1D1787F400701DE2 /* ZTFLoginViewController.m in Sources */ = {isa = PBXBuildFile; fileRef = FE65BA1B1D1787F400701DE2 /* ZTFLoginViewController.m */; };
		FE65BA1E1D1787F400701DE2 /* ZTFLoginViewController.xib in Resources */ = {isa = PBXBuildFile; fileRef = FE65BA1C1D1787F400701DE2 /* ZTFLoginViewController.xib */; };
		FE65BA211D1793F800701DE2 /* ZTFLoginReView.m in Sources */ = {isa = PBXBuildFile; fileRef = FE65BA201D1793F800701DE2 /* ZTFLoginReView.m */; };
		FE65BA231D17940600701DE2 /* ZTFLoginReView.xib in Resources */ = {isa = PBXBuildFile; fileRef = FE65BA221D17940600701DE2 /* ZTFLoginReView.xib */; };
		FE8D7DAC1D16BE9700436CEF /* ZTFSubTagItem.m in Sources */ = {isa = PBXBuildFile; fileRef = FE8D7DAB1D16BE9700436CEF /* ZTFSubTagItem.m */; };
		FEAED4641D15608D008223B8 /* LaunchImage-568h@2x.png in Resources */ = {isa = PBXBuildFile; fileRef = FEAED45D1D15608D008223B8 /* LaunchImage-568h@2x.png */; };
		FEAED4651D15608D008223B8 /* LaunchImage-700-568h@2x.png in Resources */ = {isa = PBXBuildFile; fileRef = FEAED45E1D15608D008223B8 /* LaunchImage-700-568h@2x.png */; };
		FEAED4661D15608D008223B8 /* LaunchImage-700@2x.png in Resources */ = {isa = PBXBuildFile; fileRef = FEAED45F1D15608D008223B8 /* LaunchImage-700@2x.png */; };
		FEAED4671D15608D008223B8 /* LaunchImage-800-667h@2x.png in Resources */ = {isa = PBXBuildFile; fileRef = FEAED4601D15608D008223B8 /* LaunchImage-800-667h@2x.png */; };
		FEAED4681D15608D008223B8 /* LaunchImage-800-Portrait-736h@3x.png in Resources */ = {isa = PBXBuildFile; fileRef = FEAED4611D15608D008223B8 /* LaunchImage-800-Portrait-736h@3x.png */; };
		FEAED4691D15608D008223B8 /* LaunchImage.png in Resources */ = {isa = PBXBuildFile; fileRef = FEAED4621D15608D008223B8 /* LaunchImage.png */; };
		FEAED46A1D15608D008223B8 /* LaunchImage@2x.png in Resources */ = {isa = PBXBuildFile; fileRef = FEAED4631D15608D008223B8 /* LaunchImage@2x.png */; };
		FEAED46D1D15644F008223B8 /* ZTFTableViewCell.m in Sources */ = {isa = PBXBuildFile; fileRef = FEAED46C1D15644F008223B8 /* ZTFTableViewCell.m */; };
		FEB21CE41D17C4A5002AE778 /* UIImage+image.m in Sources */ = {isa = PBXBuildFile; fileRef = FEB21CE31D17C4A5002AE778 /* UIImage+image.m */; };
		FEB21CE71D17CF6B002AE778 /* UIView+Frame.m in Sources */ = {isa = PBXBuildFile; fileRef = FEB21CE61D17CF6B002AE778 /* UIView+Frame.m */; };
		FEB21CE91D17F6FD002AE778 /* ZTFMyViewController.storyboard in Resources */ = {isa = PBXBuildFile; fileRef = FEB21CE81D17F6FD002AE778 /* ZTFMyViewController.storyboard */; };
		FEB21CED1D17FFA3002AE778 /* ZTFMyCollectionViewCell.m in Sources */ = {isa = PBXBuildFile; fileRef = FEB21CEB1D17FFA3002AE778 /* ZTFMyCollectionViewCell.m */; };
		FEB21CEE1D17FFA3002AE778 /* ZTFMyCollectionViewCell.xib in Resources */ = {isa = PBXBuildFile; fileRef = FEB21CEC1D17FFA3002AE778 /* ZTFMyCollectionViewCell.xib */; };
		FEB21CF11D181791002AE778 /* ZTFMyItem.m in Sources */ = {isa = PBXBuildFile; fileRef = FEB21CF01D181791002AE778 /* ZTFMyItem.m */; };
		FEB2B6901D16A88300B9EB2D /* ZTFnnnTableViewController.m in Sources */ = {isa = PBXBuildFile; fileRef = FEB2B68F1D16A88300B9EB2D /* ZTFnnnTableViewController.m */; };
		FEB2B6991D16AF8500B9EB2D /* ZTFnewTableViewCell.m in Sources */ = {isa = PBXBuildFile; fileRef = FEB2B6971D16AF8500B9EB2D /* ZTFnewTableViewCell.m */; };
		FEB2B69A1D16AF8500B9EB2D /* ZTFnewTableViewCell.xib in Resources */ = {isa = PBXBuildFile; fileRef = FEB2B6981D16AF8500B9EB2D /* ZTFnewTableViewCell.xib */; };
		FEDA76C31D124A7B00C0B4D1 /* UIBarButtonItem+item.m in Sources */ = {isa = PBXBuildFile; fileRef = FEDA76C21D124A7B00C0B4D1 /* UIBarButtonItem+item.m */; };
		FEDA76C91D128BD200C0B4D1 /* ZTFButton.m in Sources */ = {isa = PBXBuildFile; fileRef = FEDA76C81D128BD200C0B4D1 /* ZTFButton.m */; };
		FEDA76D01D128FC200C0B4D1 /* ZTFSetTableViewController.m in Sources */ = {isa = PBXBuildFile; fileRef = FEDA76CF1D128FC200C0B4D1 /* ZTFSetTableViewController.m */; };
/* End PBXBuildFile section */

/* Begin PBXFileReference section */
		322DD2182502AE4BD9DA9A44 /* Pods-baiSi.debug.xcconfig */ = {isa = PBXFileReference; includeInIndex = 1; lastKnownFileType = text.xcconfig; name = "Pods-baiSi.debug.xcconfig"; path = "Pods/Target Support Files/Pods-baiSi/Pods-baiSi.debug.xcconfig"; sourceTree = "<group>"; };
		5C6B3ABEDADE1604723BC70B /* libPods-baiSi.a */ = {isa = PBXFileReference; explicitFileType = archive.ar; includeInIndex = 0; path = "libPods-baiSi.a"; sourceTree = BUILT_PRODUCTS_DIR; };
		FD85CDD3116D4273E103C8FD /* Pods-baiSi.release.xcconfig */ = {isa = PBXFileReference; includeInIndex = 1; lastKnownFileType = text.xcconfig; name = "Pods-baiSi.release.xcconfig"; path = "Pods/Target Support Files/Pods-baiSi/Pods-baiSi.release.xcconfig"; sourceTree = "<group>"; };
		FE04AA291D156883009F6421 /* ZTFADViewController.h */ = {isa = PBXFileReference; fileEncoding = 4; lastKnownFileType = sourcecode.c.h; path = ZTFADViewController.h; sourceTree = "<group>"; };
		FE04AA2A1D156883009F6421 /* ZTFADViewController.m */ = {isa = PBXFileReference; fileEncoding = 4; lastKnownFileType = sourcecode.c.objc; path = ZTFADViewController.m; sourceTree = "<group>"; };
		FE04AA2B1D156883009F6421 /* ZTFADViewController.xib */ = {isa = PBXFileReference; fileEncoding = 4; lastKnownFileType = file.xib; path = ZTFADViewController.xib; sourceTree = "<group>"; };
		FE04AA2E1D157CD7009F6421 /* ad.plist */ = {isa = PBXFileReference; fileEncoding = 4; lastKnownFileType = text.plist.xml; name = ad.plist; path = "Classes/Public(发布)/Model/ad.plist"; sourceTree = "<group>"; };
		FE04AA301D157D6C009F6421 /* ZTFAD.h */ = {isa = PBXFileReference; fileEncoding = 4; lastKnownFileType = sourcecode.c.h; path = ZTFAD.h; sourceTree = "<group>"; };
		FE04AA311D157D6C009F6421 /* ZTFAD.m */ = {isa = PBXFileReference; fileEncoding = 4; lastKnownFileType = sourcecode.c.objc; path = ZTFAD.m; sourceTree = "<group>"; };
		FE35C4BD1D10DFE3008F83FD /* baiSi.app */ = {isa = PBXFileReference; explicitFileType = wrapper.application; includeInIndex = 0; path = baiSi.app; sourceTree = BUILT_PRODUCTS_DIR; };
		FE35C4C11D10DFE3008F83FD /* main.m */ = {isa = PBXFileReference; lastKnownFileType = sourcecode.c.objc; path = main.m; sourceTree = "<group>"; };
		FE35C4C31D10DFE3008F83FD /* AppDelegate.h */ = {isa = PBXFileReference; lastKnownFileType = sourcecode.c.h; path = AppDelegate.h; sourceTree = "<group>"; };
		FE35C4C41D10DFE3008F83FD /* AppDelegate.m */ = {isa = PBXFileReference; lastKnownFileType = sourcecode.c.objc; path = AppDelegate.m; sourceTree = "<group>"; };
		FE35C4CC1D10DFE3008F83FD /* Assets.xcassets */ = {isa = PBXFileReference; lastKnownFileType = folder.assetcatalog; path = Assets.xcassets; sourceTree = "<group>"; };
		FE35C4CF1D10DFE3008F83FD /* Base */ = {isa = PBXFileReference; lastKnownFileType = file.storyboard; name = Base; path = Base.lproj/LaunchScreen.storyboard; sourceTree = "<group>"; };
		FE35C4D11D10DFE3008F83FD /* Info.plist */ = {isa = PBXFileReference; lastKnownFileType = text.plist.xml; path = Info.plist; sourceTree = "<group>"; };
		FE35C4ED1D10EF6F008F83FD /* ZTFTabBarViewController.h */ = {isa = PBXFileReference; fileEncoding = 4; lastKnownFileType = sourcecode.c.h; path = ZTFTabBarViewController.h; sourceTree = "<group>"; };
		FE35C4EE1D10EF6F008F83FD /* ZTFTabBarViewController.m */ = {isa = PBXFileReference; fileEncoding = 4; lastKnownFileType = sourcecode.c.objc; path = ZTFTabBarViewController.m; sourceTree = "<group>"; };
		FE35C4F31D110756008F83FD /* ZTFEssenceViewController.h */ = {isa = PBXFileReference; fileEncoding = 4; lastKnownFileType = sourcecode.c.h; path = ZTFEssenceViewController.h; sourceTree = "<group>"; };
		FE35C4F41D110756008F83FD /* ZTFEssenceViewController.m */ = {isa = PBXFileReference; fileEncoding = 4; lastKnownFileType = sourcecode.c.objc; path = ZTFEssenceViewController.m; sourceTree = "<group>"; };
		FE35C4F61D1107D7008F83FD /* ZTFFriendTrendViewController.h */ = {isa = PBXFileReference; fileEncoding = 4; lastKnownFileType = sourcecode.c.h; path = ZTFFriendTrendViewController.h; sourceTree = "<group>"; };
		FE35C4F71D1107D7008F83FD /* ZTFFriendTrendViewController.m */ = {isa = PBXFileReference; fileEncoding = 4; lastKnownFileType = sourcecode.c.objc; path = ZTFFriendTrendViewController.m; sourceTree = "<group>"; };
		FE35C4F91D1107E6008F83FD /* ZTFMyViewController.h */ = {isa = PBXFileReference; fileEncoding = 4; lastKnownFileType = sourcecode.c.h; path = ZTFMyViewController.h; sourceTree = "<group>"; };
		FE35C4FA1D1107E6008F83FD /* ZTFMyViewController.m */ = {isa = PBXFileReference; fileEncoding = 4; lastKnownFileType = sourcecode.c.objc; path = ZTFMyViewController.m; sourceTree = "<group>"; };
		FE35C4FC1D1107F0008F83FD /* ZTFNewViewController.h */ = {isa = PBXFileReference; fileEncoding = 4; lastKnownFileType = sourcecode.c.h; path = ZTFNewViewController.h; sourceTree = "<group>"; };
		FE35C4FD1D1107F0008F83FD /* ZTFNewViewController.m */ = {isa = PBXFileReference; fileEncoding = 4; lastKnownFileType = sourcecode.c.objc; path = ZTFNewViewController.m; sourceTree = "<group>"; };
		FE35C4FF1D110803008F83FD /* ZTFPublicViewController.h */ = {isa = PBXFileReference; fileEncoding = 4; lastKnownFileType = sourcecode.c.h; path = ZTFPublicViewController.h; sourceTree = "<group>"; };
		FE35C5001D110803008F83FD /* ZTFPublicViewController.m */ = {isa = PBXFileReference; fileEncoding = 4; lastKnownFileType = sourcecode.c.objc; path = ZTFPublicViewController.m; sourceTree = "<group>"; };
		FE35C5021D112AA2008F83FD /* ZTFNaviViewController.h */ = {isa = PBXFileReference; fileEncoding = 4; lastKnownFileType = sourcecode.c.h; path = ZTFNaviViewController.h; sourceTree = "<group>"; };
		FE35C5031D112AA2008F83FD /* ZTFNaviViewController.m */ = {isa = PBXFileReference; fileEncoding = 4; lastKnownFileType = sourcecode.c.objc; path = ZTFNaviViewController.m; sourceTree = "<group>"; };
		FE35C5111D1184D0008F83FD /* PrefixHeader.pch */ = {isa = PBXFileReference; lastKnownFileType = sourcecode.c.h; path = PrefixHeader.pch; sourceTree = "<group>"; };
		FE65BA181D17822000701DE2 /* ZTFFriendTrendViewController.xib */ = {isa = PBXFileReference; fileEncoding = 4; lastKnownFileType = file.xib; path = ZTFFriendTrendViewController.xib; sourceTree = "<group>"; };
		FE65BA1A1D1787F400701DE2 /* ZTFLoginViewController.h */ = {isa = PBXFileReference; fileEncoding = 4; lastKnownFileType = sourcecode.c.h; path = ZTFLoginViewController.h; sourceTree = "<group>"; };
		FE65BA1B1D1787F400701DE2 /* ZTFLoginViewController.m */ = {isa = PBXFileReference; fileEncoding = 4; lastKnownFileType = sourcecode.c.objc; path = ZTFLoginViewController.m; sourceTree = "<group>"; };
		FE65BA1C1D1787F400701DE2 /* ZTFLoginViewController.xib */ = {isa = PBXFileReference; fileEncoding = 4; lastKnownFileType = file.xib; path = ZTFLoginViewController.xib; sourceTree = "<group>"; };
		FE65BA1F1D1793F800701DE2 /* ZTFLoginReView.h */ = {isa = PBXFileReference; fileEncoding = 4; lastKnownFileType = sourcecode.c.h; path = ZTFLoginReView.h; sourceTree = "<group>"; };
		FE65BA201D1793F800701DE2 /* ZTFLoginReView.m */ = {isa = PBXFileReference; fileEncoding = 4; lastKnownFileType = sourcecode.c.objc; path = ZTFLoginReView.m; sourceTree = "<group>"; };
		FE65BA221D17940600701DE2 /* ZTFLoginReView.xib */ = {isa = PBXFileReference; fileEncoding = 4; lastKnownFileType = file.xib; path = ZTFLoginReView.xib; sourceTree = "<group>"; };
		FE8D7DAA1D16BE9700436CEF /* ZTFSubTagItem.h */ = {isa = PBXFileReference; fileEncoding = 4; lastKnownFileType = sourcecode.c.h; path = ZTFSubTagItem.h; sourceTree = "<group>"; };
		FE8D7DAB1D16BE9700436CEF /* ZTFSubTagItem.m */ = {isa = PBXFileReference; fileEncoding = 4; lastKnownFileType = sourcecode.c.objc; path = ZTFSubTagItem.m; sourceTree = "<group>"; };
		FEAED45D1D15608D008223B8 /* LaunchImage-568h@2x.png */ = {isa = PBXFileReference; lastKnownFileType = image.png; name = "LaunchImage-568h@2x.png"; path = "Assets.xcassets/Brand Assets.launchimage/LaunchImage-568h@2x.png"; sourceTree = "<group>"; };
		FEAED45E1D15608D008223B8 /* LaunchImage-700-568h@2x.png */ = {isa = PBXFileReference; lastKnownFileType = image.png; name = "LaunchImage-700-568h@2x.png"; path = "Assets.xcassets/Brand Assets.launchimage/LaunchImage-700-568h@2x.png"; sourceTree = "<group>"; };
		FEAED45F1D15608D008223B8 /* LaunchImage-700@2x.png */ = {isa = PBXFileReference; lastKnownFileType = image.png; name = "LaunchImage-700@2x.png"; path = "Assets.xcassets/Brand Assets.launchimage/LaunchImage-700@2x.png"; sourceTree = "<group>"; };
		FEAED4601D15608D008223B8 /* LaunchImage-800-667h@2x.png */ = {isa = PBXFileReference; lastKnownFileType = image.png; name = "LaunchImage-800-667h@2x.png"; path = "Assets.xcassets/Brand Assets.launchimage/LaunchImage-800-667h@2x.png"; sourceTree = "<group>"; };
		FEAED4611D15608D008223B8 /* LaunchImage-800-Portrait-736h@3x.png */ = {isa = PBXFileReference; lastKnownFileType = image.png; name = "LaunchImage-800-Portrait-736h@3x.png"; path = "Assets.xcassets/Brand Assets.launchimage/LaunchImage-800-Portrait-736h@3x.png"; sourceTree = "<group>"; };
		FEAED4621D15608D008223B8 /* LaunchImage.png */ = {isa = PBXFileReference; lastKnownFileType = image.png; name = LaunchImage.png; path = "Assets.xcassets/Brand Assets.launchimage/LaunchImage.png"; sourceTree = "<group>"; };
		FEAED4631D15608D008223B8 /* LaunchImage@2x.png */ = {isa = PBXFileReference; lastKnownFileType = image.png; name = "LaunchImage@2x.png"; path = "Assets.xcassets/Brand Assets.launchimage/LaunchImage@2x.png"; sourceTree = "<group>"; };
		FEAED46B1D15644F008223B8 /* ZTFTableViewCell.h */ = {isa = PBXFileReference; fileEncoding = 4; lastKnownFileType = sourcecode.c.h; path = ZTFTableViewCell.h; sourceTree = "<group>"; };
		FEAED46C1D15644F008223B8 /* ZTFTableViewCell.m */ = {isa = PBXFileReference; fileEncoding = 4; lastKnownFileType = sourcecode.c.objc; path = ZTFTableViewCell.m; sourceTree = "<group>"; };
		FEB21CE21D17C4A5002AE778 /* UIImage+image.h */ = {isa = PBXFileReference; fileEncoding = 4; lastKnownFileType = sourcecode.c.h; path = "UIImage+image.h"; sourceTree = "<group>"; };
		FEB21CE31D17C4A5002AE778 /* UIImage+image.m */ = {isa = PBXFileReference; fileEncoding = 4; lastKnownFileType = sourcecode.c.objc; path = "UIImage+image.m"; sourceTree = "<group>"; };
		FEB21CE51D17CF6B002AE778 /* UIView+Frame.h */ = {isa = PBXFileReference; fileEncoding = 4; lastKnownFileType = sourcecode.c.h; path = "UIView+Frame.h"; sourceTree = "<group>"; };
		FEB21CE61D17CF6B002AE778 /* UIView+Frame.m */ = {isa = PBXFileReference; fileEncoding = 4; lastKnownFileType = sourcecode.c.objc; path = "UIView+Frame.m"; sourceTree = "<group>"; };
		FEB21CE81D17F6FD002AE778 /* ZTFMyViewController.storyboard */ = {isa = PBXFileReference; fileEncoding = 4; lastKnownFileType = file.storyboard; path = ZTFMyViewController.storyboard; sourceTree = "<group>"; };
		FEB21CEA1D17FFA3002AE778 /* ZTFMyCollectionViewCell.h */ = {isa = PBXFileReference; fileEncoding = 4; lastKnownFileType = sourcecode.c.h; path = ZTFMyCollectionViewCell.h; sourceTree = "<group>"; };
		FEB21CEB1D17FFA3002AE778 /* ZTFMyCollectionViewCell.m */ = {isa = PBXFileReference; fileEncoding = 4; lastKnownFileType = sourcecode.c.objc; path = ZTFMyCollectionViewCell.m; sourceTree = "<group>"; };
		FEB21CEC1D17FFA3002AE778 /* ZTFMyCollectionViewCell.xib */ = {isa = PBXFileReference; fileEncoding = 4; lastKnownFileType = file.xib; path = ZTFMyCollectionViewCell.xib; sourceTree = "<group>"; };
		FEB21CEF1D181791002AE778 /* ZTFMyItem.h */ = {isa = PBXFileReference; fileEncoding = 4; lastKnownFileType = sourcecode.c.h; path = ZTFMyItem.h; sourceTree = "<group>"; };
		FEB21CF01D181791002AE778 /* ZTFMyItem.m */ = {isa = PBXFileReference; fileEncoding = 4; lastKnownFileType = sourcecode.c.objc; path = ZTFMyItem.m; sourceTree = "<group>"; };
		FEB2B68E1D16A88300B9EB2D /* ZTFnnnTableViewController.h */ = {isa = PBXFileReference; fileEncoding = 4; lastKnownFileType = sourcecode.c.h; path = ZTFnnnTableViewController.h; sourceTree = "<group>"; };
		FEB2B68F1D16A88300B9EB2D /* ZTFnnnTableViewController.m */ = {isa = PBXFileReference; fileEncoding = 4; lastKnownFileType = sourcecode.c.objc; path = ZTFnnnTableViewController.m; sourceTree = "<group>"; };
		FEB2B6961D16AF8500B9EB2D /* ZTFnewTableViewCell.h */ = {isa = PBXFileReference; fileEncoding = 4; lastKnownFileType = sourcecode.c.h; path = ZTFnewTableViewCell.h; sourceTree = "<group>"; };
		FEB2B6971D16AF8500B9EB2D /* ZTFnewTableViewCell.m */ = {isa = PBXFileReference; fileEncoding = 4; lastKnownFileType = sourcecode.c.objc; path = ZTFnewTableViewCell.m; sourceTree = "<group>"; };
		FEB2B6981D16AF8500B9EB2D /* ZTFnewTableViewCell.xib */ = {isa = PBXFileReference; fileEncoding = 4; lastKnownFileType = file.xib; path = ZTFnewTableViewCell.xib; sourceTree = "<group>"; };
		FEDA76C11D124A7B00C0B4D1 /* UIBarButtonItem+item.h */ = {isa = PBXFileReference; fileEncoding = 4; lastKnownFileType = sourcecode.c.h; path = "UIBarButtonItem+item.h"; sourceTree = "<group>"; };
		FEDA76C21D124A7B00C0B4D1 /* UIBarButtonItem+item.m */ = {isa = PBXFileReference; fileEncoding = 4; lastKnownFileType = sourcecode.c.objc; path = "UIBarButtonItem+item.m"; sourceTree = "<group>"; };
		FEDA76C71D128BD200C0B4D1 /* ZTFButton.h */ = {isa = PBXFileReference; fileEncoding = 4; lastKnownFileType = sourcecode.c.h; path = ZTFButton.h; sourceTree = "<group>"; };
		FEDA76C81D128BD200C0B4D1 /* ZTFButton.m */ = {isa = PBXFileReference; fileEncoding = 4; lastKnownFileType = sourcecode.c.objc; path = ZTFButton.m; sourceTree = "<group>"; };
		FEDA76CE1D128FC200C0B4D1 /* ZTFSetTableViewController.h */ = {isa = PBXFileReference; fileEncoding = 4; lastKnownFileType = sourcecode.c.h; path = ZTFSetTableViewController.h; sourceTree = "<group>"; };
		FEDA76CF1D128FC200C0B4D1 /* ZTFSetTableViewController.m */ = {isa = PBXFileReference; fileEncoding = 4; lastKnownFileType = sourcecode.c.objc; path = ZTFSetTableViewController.m; sourceTree = "<group>"; };
/* End PBXFileReference section */

/* Begin PBXFrameworksBuildPhase section */
		FE35C4BA1D10DFE3008F83FD /* Frameworks */ = {
			isa = PBXFrameworksBuildPhase;
			buildActionMask = 2147483647;
			files = (
				784C40FB8DE13B19E4EFB936 /* libPods-baiSi.a in Frameworks */,
			);
			runOnlyForDeploymentPostprocessing = 0;
		};
/* End PBXFrameworksBuildPhase section */

/* Begin PBXGroup section */
		120101EFD0F17E99B7255BD3 /* Frameworks */ = {
			isa = PBXGroup;
			children = (
				5C6B3ABEDADE1604723BC70B /* libPods-baiSi.a */,
			);
			name = Frameworks;
			sourceTree = "<group>";
		};
		BE7E695A6805EBF5C72E60EB /* Pods */ = {
			isa = PBXGroup;
			children = (
				322DD2182502AE4BD9DA9A44 /* Pods-baiSi.debug.xcconfig */,
				FD85CDD3116D4273E103C8FD /* Pods-baiSi.release.xcconfig */,
			);
			name = Pods;
			sourceTree = "<group>";
		};
		FE35C4B41D10DFE3008F83FD = {
			isa = PBXGroup;
			children = (
				FE35C4BF1D10DFE3008F83FD /* baiSi */,
				FE35C4BE1D10DFE3008F83FD /* Products */,
				BE7E695A6805EBF5C72E60EB /* Pods */,
				120101EFD0F17E99B7255BD3 /* Frameworks */,
			);
			sourceTree = "<group>";
		};
		FE35C4BE1D10DFE3008F83FD /* Products */ = {
			isa = PBXGroup;
			children = (
				FE35C4BD1D10DFE3008F83FD /* baiSi.app */,
			);
			name = Products;
			sourceTree = "<group>";
		};
		FE35C4BF1D10DFE3008F83FD /* baiSi */ = {
			isa = PBXGroup;
			children = (
				FE35C4D71D10EF45008F83FD /* Classes */,
				FE35C4C31D10DFE3008F83FD /* AppDelegate.h */,
				FE04AA2E1D157CD7009F6421 /* ad.plist */,
				FE35C4C41D10DFE3008F83FD /* AppDelegate.m */,
				FE35C4CC1D10DFE3008F83FD /* Assets.xcassets */,
				FE35C4CE1D10DFE3008F83FD /* LaunchScreen.storyboard */,
				FE35C4D11D10DFE3008F83FD /* Info.plist */,
				FE35C4C01D10DFE3008F83FD /* Supporting Files */,
				FE35C5111D1184D0008F83FD /* PrefixHeader.pch */,
			);
			path = baiSi;
			sourceTree = "<group>";
		};
		FE35C4C01D10DFE3008F83FD /* Supporting Files */ = {
			isa = PBXGroup;
			children = (
				FEAED45D1D15608D008223B8 /* LaunchImage-568h@2x.png */,
				FEAED45E1D15608D008223B8 /* LaunchImage-700-568h@2x.png */,
				FEAED45F1D15608D008223B8 /* LaunchImage-700@2x.png */,
				FEAED4601D15608D008223B8 /* LaunchImage-800-667h@2x.png */,
				FEAED4611D15608D008223B8 /* LaunchImage-800-Portrait-736h@3x.png */,
				FEAED4621D15608D008223B8 /* LaunchImage.png */,
				FEAED4631D15608D008223B8 /* LaunchImage@2x.png */,
				FE35C4C11D10DFE3008F83FD /* main.m */,
				FEDA76C11D124A7B00C0B4D1 /* UIBarButtonItem+item.h */,
				FEDA76C21D124A7B00C0B4D1 /* UIBarButtonItem+item.m */,
				FEDA76C71D128BD200C0B4D1 /* ZTFButton.h */,
				FEDA76C81D128BD200C0B4D1 /* ZTFButton.m */,
			);
			name = "Supporting Files";
			sourceTree = "<group>";
		};
		FE35C4D71D10EF45008F83FD /* Classes */ = {
			isa = PBXGroup;
			children = (
				FEAED4541D153088008223B8 /* adv(广告) */,
				FEDA76CA1D128E9800C0B4D1 /* Setting(设置) */,
				FE35C4E01D10EF45008F83FD /* Main */,
				FE35C4D81D10EF45008F83FD /* Essence(精华) */,
				FE35C4DC1D10EF45008F83FD /* FriendTrend(关注) */,
				FE35C4E41D10EF45008F83FD /* My(个人) */,
				FE35C4E81D10EF45008F83FD /* New(新帖) */,
				FE35C4EC1D10EF45008F83FD /* Public(发布) */,
			);
			path = Classes;
			sourceTree = "<group>";
		};
		FE35C4D81D10EF45008F83FD /* Essence(精华) */ = {
			isa = PBXGroup;
			children = (
				FE35C4D91D10EF45008F83FD /* Controller */,
				FE35C4DA1D10EF45008F83FD /* Model */,
				FE35C4DB1D10EF45008F83FD /* View */,
			);
			path = "Essence(精华)";
			sourceTree = "<group>";
		};
		FE35C4D91D10EF45008F83FD /* Controller */ = {
			isa = PBXGroup;
			children = (
				FE35C4F31D110756008F83FD /* ZTFEssenceViewController.h */,
				FE35C4F41D110756008F83FD /* ZTFEssenceViewController.m */,
			);
			path = Controller;
			sourceTree = "<group>";
		};
		FE35C4DA1D10EF45008F83FD /* Model */ = {
			isa = PBXGroup;
			children = (
			);
			path = Model;
			sourceTree = "<group>";
		};
		FE35C4DB1D10EF45008F83FD /* View */ = {
			isa = PBXGroup;
			children = (
			);
			path = View;
			sourceTree = "<group>";
		};
		FE35C4DC1D10EF45008F83FD /* FriendTrend(关注) */ = {
			isa = PBXGroup;
			children = (
				FE35C4DD1D10EF45008F83FD /* Controller */,
				FE35C4DE1D10EF45008F83FD /* Model */,
				FE35C4DF1D10EF45008F83FD /* View */,
			);
			path = "FriendTrend(关注)";
			sourceTree = "<group>";
		};
		FE35C4DD1D10EF45008F83FD /* Controller */ = {
			isa = PBXGroup;
			children = (
				FE35C4F61D1107D7008F83FD /* ZTFFriendTrendViewController.h */,
				FE35C4F71D1107D7008F83FD /* ZTFFriendTrendViewController.m */,
				FE65BA181D17822000701DE2 /* ZTFFriendTrendViewController.xib */,
				FE65BA1A1D1787F400701DE2 /* ZTFLoginViewController.h */,
				FE65BA1B1D1787F400701DE2 /* ZTFLoginViewController.m */,
				FE65BA1C1D1787F400701DE2 /* ZTFLoginViewController.xib */,
			);
			path = Controller;
			sourceTree = "<group>";
		};
		FE35C4DE1D10EF45008F83FD /* Model */ = {
			isa = PBXGroup;
			children = (
			);
			path = Model;
			sourceTree = "<group>";
		};
		FE35C4DF1D10EF45008F83FD /* View */ = {
			isa = PBXGroup;
			children = (
				FEB21CE51D17CF6B002AE778 /* UIView+Frame.h */,
				FEB21CE61D17CF6B002AE778 /* UIView+Frame.m */,
				FEB21CE21D17C4A5002AE778 /* UIImage+image.h */,
				FEB21CE31D17C4A5002AE778 /* UIImage+image.m */,
				FE65BA1F1D1793F800701DE2 /* ZTFLoginReView.h */,
				FE65BA201D1793F800701DE2 /* ZTFLoginReView.m */,
				FE65BA221D17940600701DE2 /* ZTFLoginReView.xib */,
			);
			path = View;
			sourceTree = "<group>";
		};
		FE35C4E01D10EF45008F83FD /* Main */ = {
			isa = PBXGroup;
			children = (
				FE35C4E11D10EF45008F83FD /* Controller */,
				FE35C4E21D10EF45008F83FD /* Model */,
				FE35C4E31D10EF45008F83FD /* View */,
			);
			path = Main;
			sourceTree = "<group>";
		};
		FE35C4E11D10EF45008F83FD /* Controller */ = {
			isa = PBXGroup;
			children = (
				FE35C4ED1D10EF6F008F83FD /* ZTFTabBarViewController.h */,
				FE35C4EE1D10EF6F008F83FD /* ZTFTabBarViewController.m */,
				FE35C5021D112AA2008F83FD /* ZTFNaviViewController.h */,
				FE35C5031D112AA2008F83FD /* ZTFNaviViewController.m */,
			);
			path = Controller;
			sourceTree = "<group>";
		};
		FE35C4E21D10EF45008F83FD /* Model */ = {
			isa = PBXGroup;
			children = (
			);
			path = Model;
			sourceTree = "<group>";
		};
		FE35C4E31D10EF45008F83FD /* View */ = {
			isa = PBXGroup;
			children = (
			);
			path = View;
			sourceTree = "<group>";
		};
		FE35C4E41D10EF45008F83FD /* My(个人) */ = {
			isa = PBXGroup;
			children = (
				FE35C4E51D10EF45008F83FD /* Controller */,
				FE35C4E61D10EF45008F83FD /* Model */,
				FE35C4E71D10EF45008F83FD /* View */,
			);
			path = "My(个人)";
			sourceTree = "<group>";
		};
		FE35C4E51D10EF45008F83FD /* Controller */ = {
			isa = PBXGroup;
			children = (
				FE35C4F91D1107E6008F83FD /* ZTFMyViewController.h */,
				FE35C4FA1D1107E6008F83FD /* ZTFMyViewController.m */,
				FEB21CE81D17F6FD002AE778 /* ZTFMyViewController.storyboard */,
			);
			path = Controller;
			sourceTree = "<group>";
		};
		FE35C4E61D10EF45008F83FD /* Model */ = {
			isa = PBXGroup;
			children = (
				FEB21CEF1D181791002AE778 /* ZTFMyItem.h */,
				FEB21CF01D181791002AE778 /* ZTFMyItem.m */,
			);
			path = Model;
			sourceTree = "<group>";
		};
		FE35C4E71D10EF45008F83FD /* View */ = {
			isa = PBXGroup;
			children = (
				FEB21CEA1D17FFA3002AE778 /* ZTFMyCollectionViewCell.h */,
				FEB21CEB1D17FFA3002AE778 /* ZTFMyCollectionViewCell.m */,
				FEB21CEC1D17FFA3002AE778 /* ZTFMyCollectionViewCell.xib */,
			);
			path = View;
			sourceTree = "<group>";
		};
		FE35C4E81D10EF45008F83FD /* New(新帖) */ = {
			isa = PBXGroup;
			children = (
				FE35C4E91D10EF45008F83FD /* Controller */,
				FE35C4EA1D10EF45008F83FD /* Model */,
				FE35C4EB1D10EF45008F83FD /* View */,
			);
			path = "New(新帖)";
			sourceTree = "<group>";
		};
		FE35C4E91D10EF45008F83FD /* Controller */ = {
			isa = PBXGroup;
			children = (
				FE35C4FC1D1107F0008F83FD /* ZTFNewViewController.h */,
				FE35C4FD1D1107F0008F83FD /* ZTFNewViewController.m */,
				FEB2B68E1D16A88300B9EB2D /* ZTFnnnTableViewController.h */,
				FEB2B68F1D16A88300B9EB2D /* ZTFnnnTableViewController.m */,
			);
			path = Controller;
			sourceTree = "<group>";
		};
		FE35C4EA1D10EF45008F83FD /* Model */ = {
			isa = PBXGroup;
			children = (
				FE8D7DAA1D16BE9700436CEF /* ZTFSubTagItem.h */,
				FE8D7DAB1D16BE9700436CEF /* ZTFSubTagItem.m */,
			);
			path = Model;
			sourceTree = "<group>";
		};
		FE35C4EB1D10EF45008F83FD /* View */ = {
			isa = PBXGroup;
			children = (
				FEB2B6961D16AF8500B9EB2D /* ZTFnewTableViewCell.h */,
				FEB2B6971D16AF8500B9EB2D /* ZTFnewTableViewCell.m */,
				FEB2B6981D16AF8500B9EB2D /* ZTFnewTableViewCell.xib */,
			);
			path = View;
			sourceTree = "<group>";
		};
		FE35C4EC1D10EF45008F83FD /* Public(发布) */ = {
			isa = PBXGroup;
			children = (
				FE35C4F01D10EFF2008F83FD /* Controller */,
				FE35C4F11D10EFF2008F83FD /* Model */,
				FE35C4F21D10EFF2008F83FD /* View */,
			);
			path = "Public(发布)";
			sourceTree = "<group>";
		};
		FE35C4F01D10EFF2008F83FD /* Controller */ = {
			isa = PBXGroup;
			children = (
				FE35C4FF1D110803008F83FD /* ZTFPublicViewController.h */,
				FE35C5001D110803008F83FD /* ZTFPublicViewController.m */,
				FEAED46B1D15644F008223B8 /* ZTFTableViewCell.h */,
				FEAED46C1D15644F008223B8 /* ZTFTableViewCell.m */,
			);
			path = Controller;
			sourceTree = "<group>";
		};
		FE35C4F11D10EFF2008F83FD /* Model */ = {
			isa = PBXGroup;
			children = (
			);
			path = Model;
			sourceTree = "<group>";
		};
		FE35C4F21D10EFF2008F83FD /* View */ = {
			isa = PBXGroup;
			children = (
			);
			path = View;
			sourceTree = "<group>";
		};
		FEAED4541D153088008223B8 /* adv(广告) */ = {
			isa = PBXGroup;
			children = (
				FEAED4551D153088008223B8 /* controller */,
				FEAED4561D153088008223B8 /* model */,
				FEAED4571D153088008223B8 /* view */,
			);
			path = "adv(广告)";
			sourceTree = "<group>";
		};
		FEAED4551D153088008223B8 /* controller */ = {
			isa = PBXGroup;
			children = (
				FE04AA291D156883009F6421 /* ZTFADViewController.h */,
				FE04AA2A1D156883009F6421 /* ZTFADViewController.m */,
				FE04AA2B1D156883009F6421 /* ZTFADViewController.xib */,
			);
			path = controller;
			sourceTree = "<group>";
		};
		FEAED4561D153088008223B8 /* model */ = {
			isa = PBXGroup;
			children = (
				FE04AA301D157D6C009F6421 /* ZTFAD.h */,
				FE04AA311D157D6C009F6421 /* ZTFAD.m */,
			);
			path = model;
			sourceTree = "<group>";
		};
		FEAED4571D153088008223B8 /* view */ = {
			isa = PBXGroup;
			children = (
			);
			path = view;
			sourceTree = "<group>";
		};
		FEDA76CA1D128E9800C0B4D1 /* Setting(设置) */ = {
			isa = PBXGroup;
			children = (
				FEDA76CB1D128E9800C0B4D1 /* Controller */,
				FEDA76CC1D128E9800C0B4D1 /* Model */,
				FEDA76CD1D128E9800C0B4D1 /* View */,
			);
			path = "Setting(设置)";
			sourceTree = "<group>";
		};
		FEDA76CB1D128E9800C0B4D1 /* Controller */ = {
			isa = PBXGroup;
			children = (
				FEDA76CE1D128FC200C0B4D1 /* ZTFSetTableViewController.h */,
				FEDA76CF1D128FC200C0B4D1 /* ZTFSetTableViewController.m */,
			);
			path = Controller;
			sourceTree = "<group>";
		};
		FEDA76CC1D128E9800C0B4D1 /* Model */ = {
			isa = PBXGroup;
			children = (
			);
			path = Model;
			sourceTree = "<group>";
		};
		FEDA76CD1D128E9800C0B4D1 /* View */ = {
			isa = PBXGroup;
			children = (
			);
			path = View;
			sourceTree = "<group>";
		};
/* End PBXGroup section */

/* Begin PBXNativeTarget section */
		FE35C4BC1D10DFE3008F83FD /* baiSi */ = {
			isa = PBXNativeTarget;
			buildConfigurationList = FE35C4D41D10DFE3008F83FD /* Build configuration list for PBXNativeTarget "baiSi" */;
			buildPhases = (
				C49B924B38EC9602B37DDA00 /* [CP] Check Pods Manifest.lock */,
				FE35C4B91D10DFE3008F83FD /* Sources */,
				FE35C4BA1D10DFE3008F83FD /* Frameworks */,
				FE35C4BB1D10DFE3008F83FD /* Resources */,
				AD95E81CA89D9E387E1DDD17 /* [CP] Embed Pods Frameworks */,
				7E00F755CFF0D18D473DF09D /* [CP] Copy Pods Resources */,
			);
			buildRules = (
			);
			dependencies = (
			);
			name = baiSi;
			productName = baiSi;
			productReference = FE35C4BD1D10DFE3008F83FD /* baiSi.app */;
			productType = "com.apple.product-type.application";
		};
/* End PBXNativeTarget section */

/* Begin PBXProject section */
		FE35C4B51D10DFE3008F83FD /* Project object */ = {
			isa = PBXProject;
			attributes = {
				CLASSPREFIX = ZTF;
				LastUpgradeCheck = 0730;
				ORGANIZATIONNAME = "赵腾飞";
				TargetAttributes = {
					FE35C4BC1D10DFE3008F83FD = {
						CreatedOnToolsVersion = 7.3;
					};
				};
			};
			buildConfigurationList = FE35C4B81D10DFE3008F83FD /* Build configuration list for PBXProject "baiSi" */;
			compatibilityVersion = "Xcode 3.2";
			developmentRegion = English;
			hasScannedForEncodings = 0;
			knownRegions = (
				en,
				Base,
			);
			mainGroup = FE35C4B41D10DFE3008F83FD;
			productRefGroup = FE35C4BE1D10DFE3008F83FD /* Products */;
			projectDirPath = "";
			projectRoot = "";
			targets = (
				FE35C4BC1D10DFE3008F83FD /* baiSi */,
			);
		};
/* End PBXProject section */

/* Begin PBXResourcesBuildPhase section */
		FE35C4BB1D10DFE3008F83FD /* Resources */ = {
			isa = PBXResourcesBuildPhase;
			buildActionMask = 2147483647;
			files = (
				FE35C4D01D10DFE3008F83FD /* LaunchScreen.storyboard in Resources */,
				FE65BA191D17822000701DE2 /* ZTFFriendTrendViewController.xib in Resources */,
				FEAED4651D15608D008223B8 /* LaunchImage-700-568h@2x.png in Resources */,
				FEAED4691D15608D008223B8 /* LaunchImage.png in Resources */,
				FE35C4CD1D10DFE3008F83FD /* Assets.xcassets in Resources */,
				FEAED4661D15608D008223B8 /* LaunchImage-700@2x.png in Resources */,
				FEAED4681D15608D008223B8 /* LaunchImage-800-Portrait-736h@3x.png in Resources */,
				FE65BA231D17940600701DE2 /* ZTFLoginReView.xib in Resources */,
				FE04AA2D1D156883009F6421 /* ZTFADViewController.xib in Resources */,
				FEAED4641D15608D008223B8 /* LaunchImage-568h@2x.png in Resources */,
				FEB21CEE1D17FFA3002AE778 /* ZTFMyCollectionViewCell.xib in Resources */,
				FE65BA1E1D1787F400701DE2 /* ZTFLoginViewController.xib in Resources */,
				FEAED4671D15608D008223B8 /* LaunchImage-800-667h@2x.png in Resources */,
				FEB2B69A1D16AF8500B9EB2D /* ZTFnewTableViewCell.xib in Resources */,
				FEAED46A1D15608D008223B8 /* LaunchImage@2x.png in Resources */,
				FEB21CE91D17F6FD002AE778 /* ZTFMyViewController.storyboard in Resources */,
				FE04AA2F1D157CD7009F6421 /* ad.plist in Resources */,
			);
			runOnlyForDeploymentPostprocessing = 0;
		};
/* End PBXResourcesBuildPhase section */

/* Begin PBXShellScriptBuildPhase section */
		7E00F755CFF0D18D473DF09D /* [CP] Copy Pods Resources */ = {
			isa = PBXShellScriptBuildPhase;
			buildActionMask = 2147483647;
			files = (
			);
			inputPaths = (
			);
			name = "[CP] Copy Pods Resources";
			outputPaths = (
			);
			runOnlyForDeploymentPostprocessing = 0;
			shellPath = /bin/sh;
			shellScript = "\"${SRCROOT}/Pods/Target Support Files/Pods-baiSi/Pods-baiSi-resources.sh\"\n";
			showEnvVarsInLog = 0;
		};
		AD95E81CA89D9E387E1DDD17 /* [CP] Embed Pods Frameworks */ = {
			isa = PBXShellScriptBuildPhase;
			buildActionMask = 2147483647;
			files = (
			);
			inputPaths = (
			);
			name = "[CP] Embed Pods Frameworks";
			outputPaths = (
			);
			runOnlyForDeploymentPostprocessing = 0;
			shellPath = /bin/sh;
			shellScript = "\"${SRCROOT}/Pods/Target Support Files/Pods-baiSi/Pods-baiSi-frameworks.sh\"\n";
			showEnvVarsInLog = 0;
		};
		C49B924B38EC9602B37DDA00 /* [CP] Check Pods Manifest.lock */ = {
			isa = PBXShellScriptBuildPhase;
			buildActionMask = 2147483647;
			files = (
			);
			inputPaths = (
			);
			name = "[CP] Check Pods Manifest.lock";
			outputPaths = (
			);
			runOnlyForDeploymentPostprocessing = 0;
			shellPath = /bin/sh;
			shellScript = "diff \"${PODS_ROOT}/../Podfile.lock\" \"${PODS_ROOT}/Manifest.lock\" > /dev/null\nif [[ $? != 0 ]] ; then\n    cat << EOM\nerror: The sandbox is not in sync with the Podfile.lock. Run 'pod install' or update your CocoaPods installation.\nEOM\n    exit 1\nfi\n";
			showEnvVarsInLog = 0;
		};
/* End PBXShellScriptBuildPhase section */

/* Begin PBXSourcesBuildPhase section */
		FE35C4B91D10DFE3008F83FD /* Sources */ = {
			isa = PBXSourcesBuildPhase;
			buildActionMask = 2147483647;
			files = (
				FEDA76C91D128BD200C0B4D1 /* ZTFButton.m in Sources */,
				FEB2B6991D16AF8500B9EB2D /* ZTFnewTableViewCell.m in Sources */,
				FEDA76D01D128FC200C0B4D1 /* ZTFSetTableViewController.m in Sources */,
				FE35C4F81D1107D7008F83FD /* ZTFFriendTrendViewController.m in Sources */,
				FE35C4C51D10DFE3008F83FD /* AppDelegate.m in Sources */,
				FEB21CED1D17FFA3002AE778 /* ZTFMyCollectionViewCell.m in Sources */,
				FE35C4C21D10DFE3008F83FD /* main.m in Sources */,
				FEDA76C31D124A7B00C0B4D1 /* UIBarButtonItem+item.m in Sources */,
				FE35C4F51D110756008F83FD /* ZTFEssenceViewController.m in Sources */,
				FEB21CE41D17C4A5002AE778 /* UIImage+image.m in Sources */,
				FE35C5041D112AA2008F83FD /* ZTFNaviViewController.m in Sources */,
				FEB21CE71D17CF6B002AE778 /* UIView+Frame.m in Sources */,
				FEAED46D1D15644F008223B8 /* ZTFTableViewCell.m in Sources */,
				FE04AA321D157D6C009F6421 /* ZTFAD.m in Sources */,
				FE8D7DAC1D16BE9700436CEF /* ZTFSubTagItem.m in Sources */,
				FEB21CF11D181791002AE778 /* ZTFMyItem.m in Sources */,
				FE35C4EF1D10EF6F008F83FD /* ZTFTabBarViewController.m in Sources */,
				FE65BA1D1D1787F400701DE2 /* ZTFLoginViewController.m in Sources */,
				FE65BA211D1793F800701DE2 /* ZTFLoginReView.m in Sources */,
				FEB2B6901D16A88300B9EB2D /* ZTFnnnTableViewController.m in Sources */,
				FE04AA2C1D156883009F6421 /* ZTFADViewController.m in Sources */,
				FE35C4FB1D1107E6008F83FD /* ZTFMyViewController.m in Sources */,
				FE35C5011D110803008F83FD /* ZTFPublicViewController.m in Sources */,
				FE35C4FE1D1107F0008F83FD /* ZTFNewViewController.m in Sources */,
			);
			runOnlyForDeploymentPostprocessing = 0;
		};
/* End PBXSourcesBuildPhase section */

/* Begin PBXVariantGroup section */
		FE35C4CE1D10DFE3008F83FD /* LaunchScreen.storyboard */ = {
			isa = PBXVariantGroup;
			children = (
				FE35C4CF1D10DFE3008F83FD /* Base */,
			);
			name = LaunchScreen.storyboard;
			sourceTree = "<group>";
		};
/* End PBXVariantGroup section */

/* Begin XCBuildConfiguration section */
		FE35C4D21D10DFE3008F83FD /* Debug */ = {
			isa = XCBuildConfiguration;
			buildSettings = {
				ALWAYS_SEARCH_USER_PATHS = NO;
				CLANG_ANALYZER_NONNULL = YES;
				CLANG_CXX_LANGUAGE_STANDARD = "gnu++0x";
				CLANG_CXX_LIBRARY = "libc++";
				CLANG_ENABLE_MODULES = YES;
				CLANG_ENABLE_OBJC_ARC = YES;
				CLANG_WARN_BOOL_CONVERSION = YES;
				CLANG_WARN_CONSTANT_CONVERSION = YES;
				CLANG_WARN_DIRECT_OBJC_ISA_USAGE = YES_ERROR;
				CLANG_WARN_EMPTY_BODY = YES;
				CLANG_WARN_ENUM_CONVERSION = YES;
				CLANG_WARN_INT_CONVERSION = YES;
				CLANG_WARN_OBJC_ROOT_CLASS = YES_ERROR;
				CLANG_WARN_UNREACHABLE_CODE = YES;
				CLANG_WARN__DUPLICATE_METHOD_MATCH = YES;
				"CODE_SIGN_IDENTITY[sdk=iphoneos*]" = "iPhone Developer";
				COPY_PHASE_STRIP = NO;
				DEBUG_INFORMATION_FORMAT = dwarf;
				ENABLE_STRICT_OBJC_MSGSEND = YES;
				ENABLE_TESTABILITY = YES;
				GCC_C_LANGUAGE_STANDARD = gnu99;
				GCC_DYNAMIC_NO_PIC = NO;
				GCC_NO_COMMON_BLOCKS = YES;
				GCC_OPTIMIZATION_LEVEL = 0;
				GCC_PREPROCESSOR_DEFINITIONS = (
					"DEBUG=1",
					"$(inherited)",
				);
				GCC_WARN_64_TO_32_BIT_CONVERSION = YES;
				GCC_WARN_ABOUT_RETURN_TYPE = YES_ERROR;
				GCC_WARN_UNDECLARED_SELECTOR = YES;
				GCC_WARN_UNINITIALIZED_AUTOS = YES_AGGRESSIVE;
				GCC_WARN_UNUSED_FUNCTION = YES;
				GCC_WARN_UNUSED_VARIABLE = YES;
				IPHONEOS_DEPLOYMENT_TARGET = 9.3;
				MTL_ENABLE_DEBUG_INFO = YES;
				ONLY_ACTIVE_ARCH = YES;
				SDKROOT = iphoneos;
				TARGETED_DEVICE_FAMILY = "1,2";
			};
			name = Debug;
		};
		FE35C4D31D10DFE3008F83FD /* Release */ = {
			isa = XCBuildConfiguration;
			buildSettings = {
				ALWAYS_SEARCH_USER_PATHS = NO;
				CLANG_ANALYZER_NONNULL = YES;
				CLANG_CXX_LANGUAGE_STANDARD = "gnu++0x";
				CLANG_CXX_LIBRARY = "libc++";
				CLANG_ENABLE_MODULES = YES;
				CLANG_ENABLE_OBJC_ARC = YES;
				CLANG_WARN_BOOL_CONVERSION = YES;
				CLANG_WARN_CONSTANT_CONVERSION = YES;
				CLANG_WARN_DIRECT_OBJC_ISA_USAGE = YES_ERROR;
				CLANG_WARN_EMPTY_BODY = YES;
				CLANG_WARN_ENUM_CONVERSION = YES;
				CLANG_WARN_INT_CONVERSION = YES;
				CLANG_WARN_OBJC_ROOT_CLASS = YES_ERROR;
				CLANG_WARN_UNREACHABLE_CODE = YES;
				CLANG_WARN__DUPLICATE_METHOD_MATCH = YES;
				"CODE_SIGN_IDENTITY[sdk=iphoneos*]" = "iPhone Developer";
				COPY_PHASE_STRIP = NO;
				DEBUG_INFORMATION_FORMAT = "dwarf-with-dsym";
				ENABLE_NS_ASSERTIONS = NO;
				ENABLE_STRICT_OBJC_MSGSEND = YES;
				GCC_C_LANGUAGE_STANDARD = gnu99;
				GCC_NO_COMMON_BLOCKS = YES;
				GCC_WARN_64_TO_32_BIT_CONVERSION = YES;
				GCC_WARN_ABOUT_RETURN_TYPE = YES_ERROR;
				GCC_WARN_UNDECLARED_SELECTOR = YES;
				GCC_WARN_UNINITIALIZED_AUTOS = YES_AGGRESSIVE;
				GCC_WARN_UNUSED_FUNCTION = YES;
				GCC_WARN_UNUSED_VARIABLE = YES;
				IPHONEOS_DEPLOYMENT_TARGET = 9.3;
				MTL_ENABLE_DEBUG_INFO = NO;
				SDKROOT = iphoneos;
				TARGETED_DEVICE_FAMILY = "1,2";
				VALIDATE_PRODUCT = YES;
			};
			name = Release;
		};
		FE35C4D51D10DFE3008F83FD /* Debug */ = {
			isa = XCBuildConfiguration;
			baseConfigurationReference = 322DD2182502AE4BD9DA9A44 /* Pods-baiSi.debug.xcconfig */;
			buildSettings = {
				ASSETCATALOG_COMPILER_APPICON_NAME = AppIcon;
				ASSETCATALOG_COMPILER_LAUNCHIMAGE_NAME = "Brand Assets";
				GCC_PREFIX_HEADER = baiSi/PrefixHeader.pch;
				INFOPLIST_FILE = baiSi/Info.plist;
				IPHONEOS_DEPLOYMENT_TARGET = 8.0;
				LD_RUNPATH_SEARCH_PATHS = "$(inherited) @executable_path/Frameworks";
				PRODUCT_BUNDLE_IDENTIFIER = "-.baiSi";
				PRODUCT_NAME = "$(TARGET_NAME)";
			};
			name = Debug;
		};
		FE35C4D61D10DFE3008F83FD /* Release */ = {
			isa = XCBuildConfiguration;
			baseConfigurationReference = FD85CDD3116D4273E103C8FD /* Pods-baiSi.release.xcconfig */;
			buildSettings = {
				ASSETCATALOG_COMPILER_APPICON_NAME = AppIcon;
				ASSETCATALOG_COMPILER_LAUNCHIMAGE_NAME = "Brand Assets";
				GCC_PREFIX_HEADER = baiSi/PrefixHeader.pch;
				INFOPLIST_FILE = baiSi/Info.plist;
				IPHONEOS_DEPLOYMENT_TARGET = 8.0;
				LD_RUNPATH_SEARCH_PATHS = "$(inherited) @executable_path/Frameworks";
				PRODUCT_BUNDLE_IDENTIFIER = "-.baiSi";
				PRODUCT_NAME = "$(TARGET_NAME)";
			};
			name = Release;
		};
/* End XCBuildConfiguration section */

/* Begin XCConfigurationList section */
		FE35C4B81D10DFE3008F83FD /* Build configuration list for PBXProject "baiSi" */ = {
			isa = XCConfigurationList;
			buildConfigurations = (
				FE35C4D21D10DFE3008F83FD /* Debug */,
				FE35C4D31D10DFE3008F83FD /* Release */,
			);
			defaultConfigurationIsVisible = 0;
			defaultConfigurationName = Release;
		};
		FE35C4D41D10DFE3008F83FD /* Build configuration list for PBXNativeTarget "baiSi" */ = {
			isa = XCConfigurationList;
			buildConfigurations = (
				FE35C4D51D10DFE3008F83FD /* Debug */,
				FE35C4D61D10DFE3008F83FD /* Release */,
			);
			defaultConfigurationIsVisible = 0;
			defaultConfigurationName = Release;
		};
/* End XCConfigurationList section */
	};
	rootObject = FE35C4B51D10DFE3008F83FD /* Project object */;
}
